
Microsoft Visual Studio Solution File, Format Version 12.00
# Visual Studio 15
VisualStudioVersion = 15.0.26124.0
MinimumVisualStudioVersion = 15.0.26124.0
Project("{FAE04EC0-301F-11D3-BF4B-00C04F79EFBC}") = "Dominio", "Dominio\Dominio.csproj", "{4D969F05-2574-44AB-8F93-8ECE3CD7CF71}"
EndProject
Project("{FAE04EC0-301F-11D3-BF4B-00C04F79EFBC}") = "TesteDeUnidade", "TesteDeUnidade\TesteDeUnidade.csproj", "{E98F9C59-6E9C-4458-86FF-5AE8596F4B2B}"
EndProject
Project("{FAE04EC0-301F-11D3-BF4B-00C04F79EFBC}") = "Infraestrutura", "Infraestrutura\Infraestrutura.csproj", "{0A7025BA-961C-467D-9405-98706436FD56}"
EndProject
Project("{FAE04EC0-301F-11D3-BF4B-00C04F79EFBC}") = "TesteDeIntegracao", "TesteDeIntegracao\TesteDeIntegracao.csproj", "{F46D2E60-2D10-4B49-B0BD-165E9EC1476F}"
EndProject
Project("{FAE04EC0-301F-11D3-BF4B-00C04F79EFBC}") = "Api", "Api\Api.csproj", "{C069A554-B69B-4DF0-8356-33A22E51FBAA}"
EndProject
Global
	GlobalSection(SolutionConfigurationPlatforms) = preSolution
		Debug|Any CPU = Debug|Any CPU
		Debug|x64 = Debug|x64
		Debug|x86 = Debug|x86
		Release|Any CPU = Release|Any CPU
		Release|x64 = Release|x64
		Release|x86 = Release|x86
	EndGlobalSection
	GlobalSection(SolutionProperties) = preSolution
		HideSolutionNode = FALSE
	EndGlobalSection
	GlobalSection(ProjectConfigurationPlatforms) = postSolution
		{4D969F05-2574-44AB-8F93-8ECE3CD7CF71}.Debug|Any CPU.ActiveCfg = Debug|Any CPU
		{4D969F05-2574-44AB-8F93-8ECE3CD7CF71}.Debug|Any CPU.Build.0 = Debug|Any CPU
		{4D969F05-2574-44AB-8F93-8ECE3CD7CF71}.Debug|x64.ActiveCfg = Debug|Any CPU
		{4D969F05-2574-44AB-8F93-8ECE3CD7CF71}.Debug|x64.Build.0 = Debug|Any CPU
		{4D969F05-2574-44AB-8F93-8ECE3CD7CF71}.Debug|x86.ActiveCfg = Debug|Any CPU
		{4D969F05-2574-44AB-8F93-8ECE3CD7CF71}.Debug|x86.Build.0 = Debug|Any CPU
		{4D969F05-2574-44AB-8F93-8ECE3CD7CF71}.Release|Any CPU.ActiveCfg = Release|Any CPU
		{4D969F05-2574-44AB-8F93-8ECE3CD7CF71}.Release|Any CPU.Build.0 = Release|Any CPU
		{4D969F05-2574-44AB-8F93-8ECE3CD7CF71}.Release|x64.ActiveCfg = Release|Any CPU
		{4D969F05-2574-44AB-8F93-8ECE3CD7CF71}.Release|x64.Build.0 = Release|Any CPU
		{4D969F05-2574-44AB-8F93-8ECE3CD7CF71}.Release|x86.ActiveCfg = Release|Any CPU
		{4D969F05-2574-44AB-8F93-8ECE3CD7CF71}.Release|x86.Build.0 = Release|Any CPU
		{E98F9C59-6E9C-4458-86FF-5AE8596F4B2B}.Debug|Any CPU.ActiveCfg = Debug|Any CPU
		{E98F9C59-6E9C-4458-86FF-5AE8596F4B2B}.Debug|Any CPU.Build.0 = Debug|Any CPU
		{E98F9C59-6E9C-4458-86FF-5AE8596F4B2B}.Debug|x64.ActiveCfg = Debug|Any CPU
		{E98F9C59-6E9C-4458-86FF-5AE8596F4B2B}.Debug|x64.Build.0 = Debug|Any CPU
		{E98F9C59-6E9C-4458-86FF-5AE8596F4B2B}.Debug|x86.ActiveCfg = Debug|Any CPU
		{E98F9C59-6E9C-4458-86FF-5AE8596F4B2B}.Debug|x86.Build.0 = Debug|Any CPU
		{E98F9C59-6E9C-4458-86FF-5AE8596F4B2B}.Release|Any CPU.ActiveCfg = Release|Any CPU
		{E98F9C59-6E9C-4458-86FF-5AE8596F4B2B}.Release|Any CPU.Build.0 = Release|Any CPU
		{E98F9C59-6E9C-4458-86FF-5AE8596F4B2B}.Release|x64.ActiveCfg = Release|Any CPU
		{E98F9C59-6E9C-4458-86FF-5AE8596F4B2B}.Release|x64.Build.0 = Release|Any CPU
		{E98F9C59-6E9C-4458-86FF-5AE8596F4B2B}.Release|x86.ActiveCfg = Release|Any CPU
		{E98F9C59-6E9C-4458-86FF-5AE8596F4B2B}.Release|x86.Build.0 = Release|Any CPU
		{0A7025BA-961C-467D-9405-98706436FD56}.Debug|Any CPU.ActiveCfg = Debug|Any CPU
		{0A7025BA-961C-467D-9405-98706436FD56}.Debug|Any CPU.Build.0 = Debug|Any CPU
		{0A7025BA-961C-467D-9405-98706436FD56}.Debug|x64.ActiveCfg = Debug|Any CPU
		{0A7025BA-961C-467D-9405-98706436FD56}.Debug|x64.Build.0 = Debug|Any CPU
		{0A7025BA-961C-467D-9405-98706436FD56}.Debug|x86.ActiveCfg = Debug|Any CPU
		{0A7025BA-961C-467D-9405-98706436FD56}.Debug|x86.Build.0 = Debug|Any CPU
		{0A7025BA-961C-467D-9405-98706436FD56}.Release|Any CPU.ActiveCfg = Release|Any CPU
		{0A7025BA-961C-467D-9405-98706436FD56}.Release|Any CPU.Build.0 = Release|Any CPU
		{0A7025BA-961C-467D-9405-98706436FD56}.Release|x64.ActiveCfg = Release|Any CPU
		{0A7025BA-961C-467D-9405-98706436FD56}.Release|x64.Build.0 = Release|Any CPU
		{0A7025BA-961C-467D-9405-98706436FD56}.Release|x86.ActiveCfg = Release|Any CPU
		{0A7025BA-961C-467D-9405-98706436FD56}.Release|x86.Build.0 = Release|Any CPU
		{F46D2E60-2D10-4B49-B0BD-165E9EC1476F}.Debug|Any CPU.ActiveCfg = Debug|Any CPU
		{F46D2E60-2D10-4B49-B0BD-165E9EC1476F}.Debug|Any CPU.Build.0 = Debug|Any CPU
		{F46D2E60-2D10-4B49-B0BD-165E9EC1476F}.Debug|x64.ActiveCfg = Debug|Any CPU
		{F46D2E60-2D10-4B49-B0BD-165E9EC1476F}.Debug|x64.Build.0 = Debug|Any CPU
		{F46D2E60-2D10-4B49-B0BD-165E9EC1476F}.Debug|x86.ActiveCfg = Debug|Any CPU
		{F46D2E60-2D10-4B49-B0BD-165E9EC1476F}.Debug|x86.Build.0 = Debug|Any CPU
		{F46D2E60-2D10-4B49-B0BD-165E9EC1476F}.Release|Any CPU.ActiveCfg = Release|Any CPU
		{F46D2E60-2D10-4B49-B0BD-165E9EC1476F}.Release|Any CPU.Build.0 = Release|Any CPU
		{F46D2E60-2D10-4B49-B0BD-165E9EC1476F}.Release|x64.ActiveCfg = Release|Any CPU
		{F46D2E60-2D10-4B49-B0BD-165E9EC1476F}.Release|x64.Build.0 = Release|Any CPU
		{F46D2E60-2D10-4B49-B0BD-165E9EC1476F}.Release|x86.ActiveCfg = Release|Any CPU
		{F46D2E60-2D10-4B49-B0BD-165E9EC1476F}.Release|x86.Build.0 = Release|Any CPU
		{C069A554-B69B-4DF0-8356-33A22E51FBAA}.Debug|Any CPU.ActiveCfg = Debug|Any CPU
		{C069A554-B69B-4DF0-8356-33A22E51FBAA}.Debug|Any CPU.Build.0 = Debug|Any CPU
		{C069A554-B69B-4DF0-8356-33A22E51FBAA}.Debug|x64.ActiveCfg = Debug|Any CPU
		{C069A554-B69B-4DF0-8356-33A22E51FBAA}.Debug|x64.Build.0 = Debug|Any CPU
		{C069A554-B69B-4DF0-8356-33A22E51FBAA}.Debug|x86.ActiveCfg = Debug|Any CPU
		{C069A554-B69B-4DF0-8356-33A22E51FBAA}.Debug|x86.Build.0 = Debug|Any CPU
		{C069A554-B69B-4DF0-8356-33A22E51FBAA}.Release|Any CPU.ActiveCfg = Release|Any CPU
		{C069A554-B69B-4DF0-8356-33A22E51FBAA}.Release|Any CPU.Build.0 = Release|Any CPU
		{C069A554-B69B-4DF0-8356-33A22E51FBAA}.Release|x64.ActiveCfg = Release|Any CPU
		{C069A554-B69B-4DF0-8356-33A22E51FBAA}.Release|x64.Build.0 = Release|Any CPU
		{C069A554-B69B-4DF0-8356-33A22E51FBAA}.Release|x86.ActiveCfg = Release|Any CPU
		{C069A554-B69B-4DF0-8356-33A22E51FBAA}.Release|x86.Build.0 = Release|Any CPU
	EndGlobalSection
EndGlobal
